
Microsoft Visual Studio Solution File, Format Version 12.00
# Visual Studio 14
VisualStudioVersion = 14.0.25123.0
MinimumVisualStudioVersion = 10.0.40219.1
Project("{FAE04EC0-301F-11D3-BF4B-00C04F79EFBC}") = "HelloWorldAPI", "HelloWorldAPI\HelloWorldAPI.csproj", "{FE441A09-DEB8-46FE-8016-E6719CC909DB}"
EndProject
Project("{FAE04EC0-301F-11D3-BF4B-00C04F79EFBC}") = "HelloWorldAPITest", "HelloWorldAPITest\HelloWorldAPITest.csproj", "{71CB81E0-EC39-4A5F-9805-37DE173415DD}"
EndProject
Global
	GlobalSection(SolutionConfigurationPlatforms) = preSolution
		Debug|Any CPU = Debug|Any CPU
		Release|Any CPU = Release|Any CPU
	EndGlobalSection
	GlobalSection(ProjectConfigurationPlatforms) = postSolution
		{FE441A09-DEB8-46FE-8016-E6719CC909DB}.Debug|Any CPU.ActiveCfg = Debug|Any CPU
		{FE441A09-DEB8-46FE-8016-E6719CC909DB}.Debug|Any CPU.Build.0 = Debug|Any CPU
		{FE441A09-DEB8-46FE-8016-E6719CC909DB}.Release|Any CPU.ActiveCfg = Release|Any CPU
		{FE441A09-DEB8-46FE-8016-E6719CC909DB}.Release|Any CPU.Build.0 = Release|Any CPU
		{71CB81E0-EC39-4A5F-9805-37DE173415DD}.Debug|Any CPU.ActiveCfg = Debug|Any CPU
		{71CB81E0-EC39-4A5F-9805-37DE173415DD}.Debug|Any CPU.Build.0 = Debug|Any CPU
		{71CB81E0-EC39-4A5F-9805-37DE173415DD}.Release|Any CPU.ActiveCfg = Release|Any CPU
		{71CB81E0-EC39-4A5F-9805-37DE173415DD}.Release|Any CPU.Build.0 = Release|Any CPU
	EndGlobalSection
	GlobalSection(SolutionProperties) = preSolution
		HideSolutionNode = FALSE
	EndGlobalSection
EndGlobal
